Microsoft Visual Studio Solution File, Format Version 12.00
# Visual Studio 15
VisualStudioVersion = 15.0.28307.329
MinimumVisualStudioVersion = 10.0.40219.1
Project("{FAE04EC0-301F-11D3-BF4B-00C04F79EFBC}") = "NorthPointApp.Android", "NorthPointApp.Android\NorthPointApp.Android.csproj", "{07B4A4D2-A944-4804-B44D-0A02AD0DFDF6}"
EndProject
Project("{FAE04EC0-301F-11D3-BF4B-00C04F79EFBC}") = "NorthPointApp.iOS", "NorthPointApp.iOS\NorthPointApp.iOS.csproj", "{FCA865EB-4500-44EE-9E03-52F4A05BA9BF}"
EndProject
Project("{9A19103F-16F7-4668-BE54-9A1E7A4F7556}") = "NorthPointApp", "NorthPointApp\NorthPointApp.csproj", "{9631F775-0B96-447B-8F14-75E8479C0A4D}"
EndProject
Global
	GlobalSection(SolutionConfigurationPlatforms) = preSolution
		Ad-Hoc|Any CPU = Ad-Hoc|Any CPU
		Ad-Hoc|iPhone = Ad-Hoc|iPhone
		Ad-Hoc|iPhoneSimulator = Ad-Hoc|iPhoneSimulator
		AppStore|Any CPU = AppStore|Any CPU
		AppStore|iPhone = AppStore|iPhone
		AppStore|iPhoneSimulator = AppStore|iPhoneSimulator
		Debug|Any CPU = Debug|Any CPU
		Debug|iPhone = Debug|iPhone
		Debug|iPhoneSimulator = Debug|iPhoneSimulator
		Release|Any CPU = Release|Any CPU
		Release|iPhone = Release|iPhone
		Release|iPhoneSimulator = Release|iPhoneSimulator
	EndGlobalSection
	GlobalSection(ProjectConfigurationPlatforms) = postSolution
		{07B4A4D2-A944-4804-B44D-0A02AD0DFDF6}.Ad-Hoc|Any CPU.ActiveCfg = Release|Any CPU
		{07B4A4D2-A944-4804-B44D-0A02AD0DFDF6}.Ad-Hoc|Any CPU.Build.0 = Release|Any CPU
		{07B4A4D2-A944-4804-B44D-0A02AD0DFDF6}.Ad-Hoc|Any CPU.Deploy.0 = Release|Any CPU
		{07B4A4D2-A944-4804-B44D-0A02AD0DFDF6}.Ad-Hoc|iPhone.ActiveCfg = Debug|Any CPU
		{07B4A4D2-A944-4804-B44D-0A02AD0DFDF6}.Ad-Hoc|iPhone.Build.0 = Debug|Any CPU
		{07B4A4D2-A944-4804-B44D-0A02AD0DFDF6}.Ad-Hoc|iPhoneSimulator.ActiveCfg = Release|Any CPU
		{07B4A4D2-A944-4804-B44D-0A02AD0DFDF6}.Ad-Hoc|iPhoneSimulator.Build.0 = Release|Any CPU
		{07B4A4D2-A944-4804-B44D-0A02AD0DFDF6}.Ad-Hoc|iPhoneSimulator.Deploy.0 = Release|Any CPU
		{07B4A4D2-A944-4804-B44D-0A02AD0DFDF6}.AppStore|Any CPU.ActiveCfg = Release|Any CPU
		{07B4A4D2-A944-4804-B44D-0A02AD0DFDF6}.AppStore|Any CPU.Build.0 = Release|Any CPU
		{07B4A4D2-A944-4804-B44D-0A02AD0DFDF6}.AppStore|Any CPU.Deploy.0 = Release|Any CPU
		{07B4A4D2-A944-4804-B44D-0A02AD0DFDF6}.AppStore|iPhone.ActiveCfg = Debug|Any CPU
		{07B4A4D2-A944-4804-B44D-0A02AD0DFDF6}.AppStore|iPhone.Build.0 = Debug|Any CPU
		{07B4A4D2-A944-4804-B44D-0A02AD0DFDF6}.AppStore|iPhoneSimulator.ActiveCfg = Release|Any CPU
		{07B4A4D2-A944-4804-B44D-0A02AD0DFDF6}.AppStore|iPhoneSimulator.Build.0 = Release|Any CPU
		{07B4A4D2-A944-4804-B44D-0A02AD0DFDF6}.AppStore|iPhoneSimulator.Deploy.0 = Release|Any CPU
		{07B4A4D2-A944-4804-B44D-0A02AD0DFDF6}.Debug|Any CPU.ActiveCfg = Debug|Any CPU
		{07B4A4D2-A944-4804-B44D-0A02AD0DFDF6}.Debug|Any CPU.Build.0 = Debug|Any CPU
		{07B4A4D2-A944-4804-B44D-0A02AD0DFDF6}.Debug|iPhone.ActiveCfg = Debug|Any CPU
		{07B4A4D2-A944-4804-B44D-0A02AD0DFDF6}.Debug|iPhone.Build.0 = Debug|Any CPU
		{07B4A4D2-A944-4804-B44D-0A02AD0DFDF6}.Debug|iPhoneSimulator.ActiveCfg = Debug|Any CPU
		{07B4A4D2-A944-4804-B44D-0A02AD0DFDF6}.Debug|iPhoneSimulator.Build.0 = Debug|Any CPU
		{07B4A4D2-A944-4804-B44D-0A02AD0DFDF6}.Release|Any CPU.ActiveCfg = Release|Any CPU
		{07B4A4D2-A944-4804-B44D-0A02AD0DFDF6}.Release|Any CPU.Build.0 = Release|Any CPU
		{07B4A4D2-A944-4804-B44D-0A02AD0DFDF6}.Release|iPhone.ActiveCfg = Release|Any CPU
		{07B4A4D2-A944-4804-B44D-0A02AD0DFDF6}.Release|iPhone.Build.0 = Release|Any CPU
		{07B4A4D2-A944-4804-B44D-0A02AD0DFDF6}.Release|iPhoneSimulator.ActiveCfg = Release|Any CPU
		{07B4A4D2-A944-4804-B44D-0A02AD0DFDF6}.Release|iPhoneSimulator.Build.0 = Release|Any CPU
		{FCA865EB-4500-44EE-9E03-52F4A05BA9BF}.Ad-Hoc|Any CPU.ActiveCfg = Ad-Hoc|iPhoneSimulator
		{FCA865EB-4500-44EE-9E03-52F4A05BA9BF}.Ad-Hoc|iPhone.ActiveCfg = Ad-Hoc|iPhone
		{FCA865EB-4500-44EE-9E03-52F4A05BA9BF}.Ad-Hoc|iPhone.Build.0 = Ad-Hoc|iPhone
		{FCA865EB-4500-44EE-9E03-52F4A05BA9BF}.Ad-Hoc|iPhoneSimulator.ActiveCfg = Ad-Hoc|iPhoneSimulator
		{FCA865EB-4500-44EE-9E03-52F4A05BA9BF}.Ad-Hoc|iPhoneSimulator.Build.0 = Ad-Hoc|iPhoneSimulator
		{FCA865EB-4500-44EE-9E03-52F4A05BA9BF}.AppStore|Any CPU.ActiveCfg = AppStore|iPhoneSimulator
		{FCA865EB-4500-44EE-9E03-52F4A05BA9BF}.AppStore|iPhone.ActiveCfg = AppStore|iPhone
		{FCA865EB-4500-44EE-9E03-52F4A05BA9BF}.AppStore|iPhone.Build.0 = AppStore|iPhone
		{FCA865EB-4500-44EE-9E03-52F4A05BA9BF}.AppStore|iPhoneSimulator.ActiveCfg = AppStore|iPhoneSimulator
		{FCA865EB-4500-44EE-9E03-52F4A05BA9BF}.AppStore|iPhoneSimulator.Build.0 = AppStore|iPhoneSimulator
		{FCA865EB-4500-44EE-9E03-52F4A05BA9BF}.Debug|Any CPU.ActiveCfg = Debug|iPhoneSimulator
		{FCA865EB-4500-44EE-9E03-52F4A05BA9BF}.Debug|Any CPU.Build.0 = Debug|iPhoneSimulator
		{FCA865EB-4500-44EE-9E03-52F4A05BA9BF}.Debug|iPhone.ActiveCfg = Debug|iPhone
		{FCA865EB-4500-44EE-9E03-52F4A05BA9BF}.Debug|iPhone.Build.0 = Debug|iPhone
		{FCA865EB-4500-44EE-9E03-52F4A05BA9BF}.Debug|iPhoneSimulator.ActiveCfg = Debug|iPhoneSimulator
		{FCA865EB-4500-44EE-9E03-52F4A05BA9BF}.Debug|iPhoneSimulator.Build.0 = Debug|iPhoneSimulator
		{FCA865EB-4500-44EE-9E03-52F4A05BA9BF}.Release|Any CPU.ActiveCfg = Release|iPhoneSimulator
		{FCA865EB-4500-44EE-9E03-52F4A05BA9BF}.Release|Any CPU.Build.0 = Release|iPhoneSimulator
		{FCA865EB-4500-44EE-9E03-52F4A05BA9BF}.Release|iPhone.ActiveCfg = Release|iPhone
		{FCA865EB-4500-44EE-9E03-52F4A05BA9BF}.Release|iPhone.Build.0 = Release|iPhone
		{FCA865EB-4500-44EE-9E03-52F4A05BA9BF}.Release|iPhoneSimulator.ActiveCfg = Release|iPhoneSimulator
		{FCA865EB-4500-44EE-9E03-52F4A05BA9BF}.Release|iPhoneSimulator.Build.0 = Release|iPhoneSimulator
		{9631F775-0B96-447B-8F14-75E8479C0A4D}.Ad-Hoc|Any CPU.ActiveCfg = Release|Any CPU
		{9631F775-0B96-447B-8F14-75E8479C0A4D}.Ad-Hoc|Any CPU.Build.0 = Release|Any CPU
		{9631F775-0B96-447B-8F14-75E8479C0A4D}.Ad-Hoc|iPhone.ActiveCfg = Debug|Any CPU
		{9631F775-0B96-447B-8F14-75E8479C0A4D}.Ad-Hoc|iPhone.Build.0 = Debug|Any CPU
		{9631F775-0B96-447B-8F14-75E8479C0A4D}.Ad-Hoc|iPhoneSimulator.ActiveCfg = Release|Any CPU
		{9631F775-0B96-447B-8F14-75E8479C0A4D}.Ad-Hoc|iPhoneSimulator.Build.0 = Release|Any CPU
		{9631F775-0B96-447B-8F14-75E8479C0A4D}.AppStore|Any CPU.ActiveCfg = Release|Any CPU
		{9631F775-0B96-447B-8F14-75E8479C0A4D}.AppStore|Any CPU.Build.0 = Release|Any CPU
		{9631F775-0B96-447B-8F14-75E8479C0A4D}.AppStore|iPhone.ActiveCfg = Debug|Any CPU
		{9631F775-0B96-447B-8F14-75E8479C0A4D}.AppStore|iPhone.Build.0 = Debug|Any CPU
		{9631F775-0B96-447B-8F14-75E8479C0A4D}.AppStore|iPhoneSimulator.ActiveCfg = Release|Any CPU
		{9631F775-0B96-447B-8F14-75E8479C0A4D}.AppStore|iPhoneSimulator.Build.0 = Release|Any CPU
		{9631F775-0B96-447B-8F14-75E8479C0A4D}.Debug|Any CPU.ActiveCfg = Debug|Any CPU
		{9631F775-0B96-447B-8F14-75E8479C0A4D}.Debug|Any CPU.Build.0 = Debug|Any CPU
		{9631F775-0B96-447B-8F14-75E8479C0A4D}.Debug|iPhone.ActiveCfg = Debug|Any CPU
		{9631F775-0B96-447B-8F14-75E8479C0A4D}.Debug|iPhone.Build.0 = Debug|Any CPU
		{9631F775-0B96-447B-8F14-75E8479C0A4D}.Debug|iPhoneSimulator.ActiveCfg = Debug|Any CPU
		{9631F775-0B96-447B-8F14-75E8479C0A4D}.Debug|iPhoneSimulator.Build.0 = Debug|Any CPU
		{9631F775-0B96-447B-8F14-75E8479C0A4D}.Release|Any CPU.ActiveCfg = Release|Any CPU
		{9631F775-0B96-447B-8F14-75E8479C0A4D}.Release|Any CPU.Build.0 = Release|Any CPU
		{9631F775-0B96-447B-8F14-75E8479C0A4D}.Release|iPhone.ActiveCfg = Release|Any CPU
		{9631F775-0B96-447B-8F14-75E8479C0A4D}.Release|iPhone.Build.0 = Release|Any CPU
		{9631F775-0B96-447B-8F14-75E8479C0A4D}.Release|iPhoneSimulator.ActiveCfg = Release|Any CPU
		{9631F775-0B96-447B-8F14-75E8479C0A4D}.Release|iPhoneSimulator.Build.0 = Release|Any CPU
	EndGlobalSection
	GlobalSection(SolutionProperties) = preSolution
		HideSolutionNode = FALSE
	EndGlobalSection
	GlobalSection(ExtensibilityGlobals) = postSolution
		SolutionGuid = {D4D0A161-8912-4F50-B375-FA6E3CD34C09}
	EndGlobalSection
EndGlobal
